# This file is automatically @generated by Cargo.
# It is not intended for manual editing.
version = 3

[[package]]
name = "batch-example"
version = "0.1.0"
dependencies = [
 "business",
 "domain",
 "infrastructure",
]

[[package]]
name = "business"
version = "0.1.0"

[[package]]
name = "domain"
version = "0.1.0"

[[package]]
name = "infrastructure"
version = "0.1.0"
dependencies = [
 "business",
 "domain",
]
